
Microsoft Visual Studio Solution File, Format Version 12.00
# Visual Studio Version 16
VisualStudioVersion = 16.0.30011.22
MinimumVisualStudioVersion = 10.0.40219.1
Project("{FAE04EC0-301F-11D3-BF4B-00C04F79EFBC}") = "RationalLib", "RationalLib\RationalLib.csproj", "{6345E068-90CB-45CC-99FD-5F409F49993A}"
EndProject
Project("{FAE04EC0-301F-11D3-BF4B-00C04F79EFBC}") = "RationalUnitTest", "RationalUnitTest\RationalUnitTest.csproj", "{8C683938-C9AE-436F-8E0B-2AFA308FA155}"
EndProject
Project("{FAE04EC0-301F-11D3-BF4B-00C04F79EFBC}") = "RationalConsoleApp", "RationalConsoleApp\RationalConsoleApp.csproj", "{8C72C3C4-5CEE-4241-A9ED-06026E9C22A5}"
EndProject
Global
	GlobalSection(SolutionConfigurationPlatforms) = preSolution
		Debug|Any CPU = Debug|Any CPU
		Release|Any CPU = Release|Any CPU
	EndGlobalSection
	GlobalSection(ProjectConfigurationPlatforms) = postSolution
		{6345E068-90CB-45CC-99FD-5F409F49993A}.Debug|Any CPU.ActiveCfg = Debug|Any CPU
		{6345E068-90CB-45CC-99FD-5F409F49993A}.Debug|Any CPU.Build.0 = Debug|Any CPU
		{6345E068-90CB-45CC-99FD-5F409F49993A}.Release|Any CPU.ActiveCfg = Release|Any CPU
		{6345E068-90CB-45CC-99FD-5F409F49993A}.Release|Any CPU.Build.0 = Release|Any CPU
		{8C683938-C9AE-436F-8E0B-2AFA308FA155}.Debug|Any CPU.ActiveCfg = Debug|Any CPU
		{8C683938-C9AE-436F-8E0B-2AFA308FA155}.Debug|Any CPU.Build.0 = Debug|Any CPU
		{8C683938-C9AE-436F-8E0B-2AFA308FA155}.Release|Any CPU.ActiveCfg = Release|Any CPU
		{8C683938-C9AE-436F-8E0B-2AFA308FA155}.Release|Any CPU.Build.0 = Release|Any CPU
		{8C72C3C4-5CEE-4241-A9ED-06026E9C22A5}.Debug|Any CPU.ActiveCfg = Debug|Any CPU
		{8C72C3C4-5CEE-4241-A9ED-06026E9C22A5}.Debug|Any CPU.Build.0 = Debug|Any CPU
		{8C72C3C4-5CEE-4241-A9ED-06026E9C22A5}.Release|Any CPU.ActiveCfg = Release|Any CPU
		{8C72C3C4-5CEE-4241-A9ED-06026E9C22A5}.Release|Any CPU.Build.0 = Release|Any CPU
	EndGlobalSection
	GlobalSection(SolutionProperties) = preSolution
		HideSolutionNode = FALSE
	EndGlobalSection
	GlobalSection(ExtensibilityGlobals) = postSolution
		SolutionGuid = {F721EEAE-5DB4-4265-A1CE-DF9B55282571}
	EndGlobalSection
EndGlobal
